
Microsoft Visual Studio Solution File, Format Version 12.00
# Visual Studio Version 16
VisualStudioVersion = 16.0.30114.105
MinimumVisualStudioVersion = 10.0.40219.1
Project("{2150E333-8FDC-42A3-9474-1A3956D46DE8}") = "src", "src", "{E39D6013-8C8F-4C3B-87FD-627CE9E061D3}"
EndProject
Project("{2150E333-8FDC-42A3-9474-1A3956D46DE8}") = "tests", "tests", "{BB1E334D-9901-4D4F-9D26-9A0EE5A3B0BF}"
EndProject
Project("{2150E333-8FDC-42A3-9474-1A3956D46DE8}") = "docs", "docs", "{21F28A2A-5078-43E9-8635-F7480E22D33B}"
	ProjectSection(SolutionItems) = preProject
		.dockerignore = .dockerignore
		.editorconfig = .editorconfig
		.gitignore = .gitignore
		LICENSE = LICENSE
		README.md = README.md
		SECURITY.md = SECURITY.md
	EndProjectSection
EndProject
Project("{2150E333-8FDC-42A3-9474-1A3956D46DE8}") = ".github", ".github", "{36AE8D0F-8CD5-4A85-BE4D-C3C002F1386D}"
	ProjectSection(SolutionItems) = preProject
		.github\codecov.yml = .github\codecov.yml
		.github\dependabot.yml = .github\dependabot.yml
	EndProjectSection
EndProject
Project("{2150E333-8FDC-42A3-9474-1A3956D46DE8}") = "workflows", "workflows", "{52897F0B-A5E8-4EEC-AED6-E1BC984C0CA3}"
	ProjectSection(SolutionItems) = preProject
		.github\workflows\cd.yml = .github\workflows\cd.yml
		.github\workflows\ci-cd.yml = .github\workflows\ci-cd.yml
		.github\workflows\ci.yml = .github\workflows\ci.yml
		.github\workflows\codeql-analysis.yml = .github\workflows\codeql-analysis.yml
		.github\workflows\pr.yml = .github\workflows\pr.yml
	EndProjectSection
EndProject
Project("{2150E333-8FDC-42A3-9474-1A3956D46DE8}") = "Device.Routers", "Device.Routers", "{307B2D10-651C-42A4-84A0-41AE6E8587B3}"
EndProject
Project("{2150E333-8FDC-42A3-9474-1A3956D46DE8}") = "Scheduler", "Scheduler", "{BEC38B8E-D717-46F7-955C-217DA7C70259}"
EndProject
Project("{9A19103F-16F7-4668-BE54-9A1E7A4F7556}") = "Device.Inbound", "src\Device.Routers\Device.Inbound\Device.Inbound.csproj", "{5EAACD3A-18DA-4588-89DE-51B9667C6113}"
EndProject
Project("{9A19103F-16F7-4668-BE54-9A1E7A4F7556}") = "Device.Outbound", "src\Device.Routers\Device.Outbound\Device.Outbound.csproj", "{259BC0C3-BAC9-4E09-AFC4-1B8A79B5E219}"
EndProject
Project("{9A19103F-16F7-4668-BE54-9A1E7A4F7556}") = "Scheduler.Api", "src\Scheduler\Scheduler.Api\Scheduler.Api.csproj", "{87F5856F-7168-4C29-BED7-FB766369782F}"
EndProject
Project("{9A19103F-16F7-4668-BE54-9A1E7A4F7556}") = "Scheduler.EventHandler", "src\Scheduler\Scheduler.EventHandler\Scheduler.EventHandler.csproj", "{7F705772-C4A2-4A9E-A9D3-297599BB40B6}"
EndProject
Project("{2150E333-8FDC-42A3-9474-1A3956D46DE8}") = "Device.Routers", "Device.Routers", "{222BAE35-C5AE-454A-9A35-F30C5360B3B4}"
EndProject
Project("{2150E333-8FDC-42A3-9474-1A3956D46DE8}") = "Scheduler", "Scheduler", "{C8ECCEA8-8F46-48CA-8CF7-E8F11562BE00}"
EndProject
Project("{9A19103F-16F7-4668-BE54-9A1E7A4F7556}") = "Scheduler.Api.Tests", "tests\Scheduler\Scheduler.Api.Tests\Scheduler.Api.Tests.csproj", "{2B66342C-571E-49EA-876F-14C630F692D1}"
EndProject
Project("{9A19103F-16F7-4668-BE54-9A1E7A4F7556}") = "Scheduler.EventHandler.Tests", "tests\Scheduler\Scheduler.EventHandler.Tests\Scheduler.EventHandler.Tests.csproj", "{DB0B0FBB-0AD3-4569-AA7D-5A5B47D26AE4}"
EndProject
Project("{9A19103F-16F7-4668-BE54-9A1E7A4F7556}") = "Device.Inbound.Tests", "tests\Device.Routers\Device.Inbound.Tests\Device.Inbound.Tests.csproj", "{628C8272-C129-447D-B556-2B3E9CC2B3C1}"
EndProject
Project("{9A19103F-16F7-4668-BE54-9A1E7A4F7556}") = "Device.Outbound.Tests", "tests\Device.Routers\Device.Outbound.Tests\Device.Outbound.Tests.csproj", "{D96CBA88-0329-47D1-84D9-878F9741BE26}"
EndProject
Project("{2150E333-8FDC-42A3-9474-1A3956D46DE8}") = "local", "local", "{D60C96CF-E6BB-42D6-B96C-520E96359F81}"
	ProjectSection(SolutionItems) = preProject
		docker-build.sh = docker-build.sh
		docker-compose.yml = docker-compose.yml
	EndProjectSection
EndProject
Project("{9A19103F-16F7-4668-BE54-9A1E7A4F7556}") = "Scheduler.Contracts", "src\Scheduler\Scheduler.Contracts\Scheduler.Contracts.csproj", "{C4382005-26DB-46B0-9AF3-9953F6C918FE}"
EndProject
Project("{9A19103F-16F7-4668-BE54-9A1E7A4F7556}") = "Scheduler.Trigger", "src\Scheduler\Scheduler.Trigger\Scheduler.Trigger.csproj", "{064BD68E-1EAB-4146-9285-2ED8A18A6CA9}"
EndProject
Project("{FAE04EC0-301F-11D3-BF4B-00C04F79EFBC}") = "MessageRouter", "src\Device.Routers\MessageRouter\MessageRouter.csproj", "{49910947-2681-4995-9C94-153F28CB31A9}"
EndProject
Global
	GlobalSection(SolutionConfigurationPlatforms) = preSolution
		Debug|Any CPU = Debug|Any CPU
		Debug|x64 = Debug|x64
		Debug|x86 = Debug|x86
		Release|Any CPU = Release|Any CPU
		Release|x64 = Release|x64
		Release|x86 = Release|x86
	EndGlobalSection
	GlobalSection(ProjectConfigurationPlatforms) = postSolution
		{5EAACD3A-18DA-4588-89DE-51B9667C6113}.Debug|Any CPU.ActiveCfg = Debug|Any CPU
		{5EAACD3A-18DA-4588-89DE-51B9667C6113}.Debug|Any CPU.Build.0 = Debug|Any CPU
		{5EAACD3A-18DA-4588-89DE-51B9667C6113}.Debug|x64.ActiveCfg = Debug|Any CPU
		{5EAACD3A-18DA-4588-89DE-51B9667C6113}.Debug|x64.Build.0 = Debug|Any CPU
		{5EAACD3A-18DA-4588-89DE-51B9667C6113}.Debug|x86.ActiveCfg = Debug|Any CPU
		{5EAACD3A-18DA-4588-89DE-51B9667C6113}.Debug|x86.Build.0 = Debug|Any CPU
		{5EAACD3A-18DA-4588-89DE-51B9667C6113}.Release|Any CPU.ActiveCfg = Release|Any CPU
		{5EAACD3A-18DA-4588-89DE-51B9667C6113}.Release|Any CPU.Build.0 = Release|Any CPU
		{5EAACD3A-18DA-4588-89DE-51B9667C6113}.Release|x64.ActiveCfg = Release|Any CPU
		{5EAACD3A-18DA-4588-89DE-51B9667C6113}.Release|x64.Build.0 = Release|Any CPU
		{5EAACD3A-18DA-4588-89DE-51B9667C6113}.Release|x86.ActiveCfg = Release|Any CPU
		{5EAACD3A-18DA-4588-89DE-51B9667C6113}.Release|x86.Build.0 = Release|Any CPU
		{259BC0C3-BAC9-4E09-AFC4-1B8A79B5E219}.Debug|Any CPU.ActiveCfg = Debug|Any CPU
		{259BC0C3-BAC9-4E09-AFC4-1B8A79B5E219}.Debug|Any CPU.Build.0 = Debug|Any CPU
		{259BC0C3-BAC9-4E09-AFC4-1B8A79B5E219}.Debug|x64.ActiveCfg = Debug|Any CPU
		{259BC0C3-BAC9-4E09-AFC4-1B8A79B5E219}.Debug|x64.Build.0 = Debug|Any CPU
		{259BC0C3-BAC9-4E09-AFC4-1B8A79B5E219}.Debug|x86.ActiveCfg = Debug|Any CPU
		{259BC0C3-BAC9-4E09-AFC4-1B8A79B5E219}.Debug|x86.Build.0 = Debug|Any CPU
		{259BC0C3-BAC9-4E09-AFC4-1B8A79B5E219}.Release|Any CPU.ActiveCfg = Release|Any CPU
		{259BC0C3-BAC9-4E09-AFC4-1B8A79B5E219}.Release|Any CPU.Build.0 = Release|Any CPU
		{259BC0C3-BAC9-4E09-AFC4-1B8A79B5E219}.Release|x64.ActiveCfg = Release|Any CPU
		{259BC0C3-BAC9-4E09-AFC4-1B8A79B5E219}.Release|x64.Build.0 = Release|Any CPU
		{259BC0C3-BAC9-4E09-AFC4-1B8A79B5E219}.Release|x86.ActiveCfg = Release|Any CPU
		{259BC0C3-BAC9-4E09-AFC4-1B8A79B5E219}.Release|x86.Build.0 = Release|Any CPU
		{87F5856F-7168-4C29-BED7-FB766369782F}.Debug|Any CPU.ActiveCfg = Debug|Any CPU
		{87F5856F-7168-4C29-BED7-FB766369782F}.Debug|Any CPU.Build.0 = Debug|Any CPU
		{87F5856F-7168-4C29-BED7-FB766369782F}.Debug|x64.ActiveCfg = Debug|Any CPU
		{87F5856F-7168-4C29-BED7-FB766369782F}.Debug|x64.Build.0 = Debug|Any CPU
		{87F5856F-7168-4C29-BED7-FB766369782F}.Debug|x86.ActiveCfg = Debug|Any CPU
		{87F5856F-7168-4C29-BED7-FB766369782F}.Debug|x86.Build.0 = Debug|Any CPU
		{87F5856F-7168-4C29-BED7-FB766369782F}.Release|Any CPU.ActiveCfg = Release|Any CPU
		{87F5856F-7168-4C29-BED7-FB766369782F}.Release|Any CPU.Build.0 = Release|Any CPU
		{87F5856F-7168-4C29-BED7-FB766369782F}.Release|x64.ActiveCfg = Release|Any CPU
		{87F5856F-7168-4C29-BED7-FB766369782F}.Release|x64.Build.0 = Release|Any CPU
		{87F5856F-7168-4C29-BED7-FB766369782F}.Release|x86.ActiveCfg = Release|Any CPU
		{87F5856F-7168-4C29-BED7-FB766369782F}.Release|x86.Build.0 = Release|Any CPU
		{7F705772-C4A2-4A9E-A9D3-297599BB40B6}.Debug|Any CPU.ActiveCfg = Debug|Any CPU
		{7F705772-C4A2-4A9E-A9D3-297599BB40B6}.Debug|Any CPU.Build.0 = Debug|Any CPU
		{7F705772-C4A2-4A9E-A9D3-297599BB40B6}.Debug|x64.ActiveCfg = Debug|Any CPU
		{7F705772-C4A2-4A9E-A9D3-297599BB40B6}.Debug|x64.Build.0 = Debug|Any CPU
		{7F705772-C4A2-4A9E-A9D3-297599BB40B6}.Debug|x86.ActiveCfg = Debug|Any CPU
		{7F705772-C4A2-4A9E-A9D3-297599BB40B6}.Debug|x86.Build.0 = Debug|Any CPU
		{7F705772-C4A2-4A9E-A9D3-297599BB40B6}.Release|Any CPU.ActiveCfg = Release|Any CPU
		{7F705772-C4A2-4A9E-A9D3-297599BB40B6}.Release|Any CPU.Build.0 = Release|Any CPU
		{7F705772-C4A2-4A9E-A9D3-297599BB40B6}.Release|x64.ActiveCfg = Release|Any CPU
		{7F705772-C4A2-4A9E-A9D3-297599BB40B6}.Release|x64.Build.0 = Release|Any CPU
		{7F705772-C4A2-4A9E-A9D3-297599BB40B6}.Release|x86.ActiveCfg = Release|Any CPU
		{7F705772-C4A2-4A9E-A9D3-297599BB40B6}.Release|x86.Build.0 = Release|Any CPU
		{2B66342C-571E-49EA-876F-14C630F692D1}.Debug|Any CPU.ActiveCfg = Debug|Any CPU
		{2B66342C-571E-49EA-876F-14C630F692D1}.Debug|Any CPU.Build.0 = Debug|Any CPU
		{2B66342C-571E-49EA-876F-14C630F692D1}.Debug|x64.ActiveCfg = Debug|Any CPU
		{2B66342C-571E-49EA-876F-14C630F692D1}.Debug|x64.Build.0 = Debug|Any CPU
		{2B66342C-571E-49EA-876F-14C630F692D1}.Debug|x86.ActiveCfg = Debug|Any CPU
		{2B66342C-571E-49EA-876F-14C630F692D1}.Debug|x86.Build.0 = Debug|Any CPU
		{2B66342C-571E-49EA-876F-14C630F692D1}.Release|Any CPU.ActiveCfg = Release|Any CPU
		{2B66342C-571E-49EA-876F-14C630F692D1}.Release|Any CPU.Build.0 = Release|Any CPU
		{2B66342C-571E-49EA-876F-14C630F692D1}.Release|x64.ActiveCfg = Release|Any CPU
		{2B66342C-571E-49EA-876F-14C630F692D1}.Release|x64.Build.0 = Release|Any CPU
		{2B66342C-571E-49EA-876F-14C630F692D1}.Release|x86.ActiveCfg = Release|Any CPU
		{2B66342C-571E-49EA-876F-14C630F692D1}.Release|x86.Build.0 = Release|Any CPU
		{DB0B0FBB-0AD3-4569-AA7D-5A5B47D26AE4}.Debug|Any CPU.ActiveCfg = Debug|Any CPU
		{DB0B0FBB-0AD3-4569-AA7D-5A5B47D26AE4}.Debug|Any CPU.Build.0 = Debug|Any CPU
		{DB0B0FBB-0AD3-4569-AA7D-5A5B47D26AE4}.Debug|x64.ActiveCfg = Debug|Any CPU
		{DB0B0FBB-0AD3-4569-AA7D-5A5B47D26AE4}.Debug|x64.Build.0 = Debug|Any CPU
		{DB0B0FBB-0AD3-4569-AA7D-5A5B47D26AE4}.Debug|x86.ActiveCfg = Debug|Any CPU
		{DB0B0FBB-0AD3-4569-AA7D-5A5B47D26AE4}.Debug|x86.Build.0 = Debug|Any CPU
		{DB0B0FBB-0AD3-4569-AA7D-5A5B47D26AE4}.Release|Any CPU.ActiveCfg = Release|Any CPU
		{DB0B0FBB-0AD3-4569-AA7D-5A5B47D26AE4}.Release|Any CPU.Build.0 = Release|Any CPU
		{DB0B0FBB-0AD3-4569-AA7D-5A5B47D26AE4}.Release|x64.ActiveCfg = Release|Any CPU
		{DB0B0FBB-0AD3-4569-AA7D-5A5B47D26AE4}.Release|x64.Build.0 = Release|Any CPU
		{DB0B0FBB-0AD3-4569-AA7D-5A5B47D26AE4}.Release|x86.ActiveCfg = Release|Any CPU
		{DB0B0FBB-0AD3-4569-AA7D-5A5B47D26AE4}.Release|x86.Build.0 = Release|Any CPU
		{628C8272-C129-447D-B556-2B3E9CC2B3C1}.Debug|Any CPU.ActiveCfg = Debug|Any CPU
		{628C8272-C129-447D-B556-2B3E9CC2B3C1}.Debug|Any CPU.Build.0 = Debug|Any CPU
		{628C8272-C129-447D-B556-2B3E9CC2B3C1}.Debug|x64.ActiveCfg = Debug|Any CPU
		{628C8272-C129-447D-B556-2B3E9CC2B3C1}.Debug|x64.Build.0 = Debug|Any CPU
		{628C8272-C129-447D-B556-2B3E9CC2B3C1}.Debug|x86.ActiveCfg = Debug|Any CPU
		{628C8272-C129-447D-B556-2B3E9CC2B3C1}.Debug|x86.Build.0 = Debug|Any CPU
		{628C8272-C129-447D-B556-2B3E9CC2B3C1}.Release|Any CPU.ActiveCfg = Release|Any CPU
		{628C8272-C129-447D-B556-2B3E9CC2B3C1}.Release|Any CPU.Build.0 = Release|Any CPU
		{628C8272-C129-447D-B556-2B3E9CC2B3C1}.Release|x64.ActiveCfg = Release|Any CPU
		{628C8272-C129-447D-B556-2B3E9CC2B3C1}.Release|x64.Build.0 = Release|Any CPU
		{628C8272-C129-447D-B556-2B3E9CC2B3C1}.Release|x86.ActiveCfg = Release|Any CPU
		{628C8272-C129-447D-B556-2B3E9CC2B3C1}.Release|x86.Build.0 = Release|Any CPU
		{D96CBA88-0329-47D1-84D9-878F9741BE26}.Debug|Any CPU.ActiveCfg = Debug|Any CPU
		{D96CBA88-0329-47D1-84D9-878F9741BE26}.Debug|Any CPU.Build.0 = Debug|Any CPU
		{D96CBA88-0329-47D1-84D9-878F9741BE26}.Debug|x64.ActiveCfg = Debug|Any CPU
		{D96CBA88-0329-47D1-84D9-878F9741BE26}.Debug|x64.Build.0 = Debug|Any CPU
		{D96CBA88-0329-47D1-84D9-878F9741BE26}.Debug|x86.ActiveCfg = Debug|Any CPU
		{D96CBA88-0329-47D1-84D9-878F9741BE26}.Debug|x86.Build.0 = Debug|Any CPU
		{D96CBA88-0329-47D1-84D9-878F9741BE26}.Release|Any CPU.ActiveCfg = Release|Any CPU
		{D96CBA88-0329-47D1-84D9-878F9741BE26}.Release|Any CPU.Build.0 = Release|Any CPU
		{D96CBA88-0329-47D1-84D9-878F9741BE26}.Release|x64.ActiveCfg = Release|Any CPU
		{D96CBA88-0329-47D1-84D9-878F9741BE26}.Release|x64.Build.0 = Release|Any CPU
		{D96CBA88-0329-47D1-84D9-878F9741BE26}.Release|x86.ActiveCfg = Release|Any CPU
		{D96CBA88-0329-47D1-84D9-878F9741BE26}.Release|x86.Build.0 = Release|Any CPU
		{C4382005-26DB-46B0-9AF3-9953F6C918FE}.Debug|Any CPU.ActiveCfg = Debug|Any CPU
		{C4382005-26DB-46B0-9AF3-9953F6C918FE}.Debug|Any CPU.Build.0 = Debug|Any CPU
		{C4382005-26DB-46B0-9AF3-9953F6C918FE}.Debug|x64.ActiveCfg = Debug|Any CPU
		{C4382005-26DB-46B0-9AF3-9953F6C918FE}.Debug|x64.Build.0 = Debug|Any CPU
		{C4382005-26DB-46B0-9AF3-9953F6C918FE}.Debug|x86.ActiveCfg = Debug|Any CPU
		{C4382005-26DB-46B0-9AF3-9953F6C918FE}.Debug|x86.Build.0 = Debug|Any CPU
		{C4382005-26DB-46B0-9AF3-9953F6C918FE}.Release|Any CPU.ActiveCfg = Release|Any CPU
		{C4382005-26DB-46B0-9AF3-9953F6C918FE}.Release|Any CPU.Build.0 = Release|Any CPU
		{C4382005-26DB-46B0-9AF3-9953F6C918FE}.Release|x64.ActiveCfg = Release|Any CPU
		{C4382005-26DB-46B0-9AF3-9953F6C918FE}.Release|x64.Build.0 = Release|Any CPU
		{C4382005-26DB-46B0-9AF3-9953F6C918FE}.Release|x86.ActiveCfg = Release|Any CPU
		{C4382005-26DB-46B0-9AF3-9953F6C918FE}.Release|x86.Build.0 = Release|Any CPU
		{064BD68E-1EAB-4146-9285-2ED8A18A6CA9}.Debug|Any CPU.ActiveCfg = Debug|Any CPU
		{064BD68E-1EAB-4146-9285-2ED8A18A6CA9}.Debug|Any CPU.Build.0 = Debug|Any CPU
		{064BD68E-1EAB-4146-9285-2ED8A18A6CA9}.Debug|x64.ActiveCfg = Debug|Any CPU
		{064BD68E-1EAB-4146-9285-2ED8A18A6CA9}.Debug|x64.Build.0 = Debug|Any CPU
		{064BD68E-1EAB-4146-9285-2ED8A18A6CA9}.Debug|x86.ActiveCfg = Debug|Any CPU
		{064BD68E-1EAB-4146-9285-2ED8A18A6CA9}.Debug|x86.Build.0 = Debug|Any CPU
		{064BD68E-1EAB-4146-9285-2ED8A18A6CA9}.Release|Any CPU.ActiveCfg = Release|Any CPU
		{064BD68E-1EAB-4146-9285-2ED8A18A6CA9}.Release|Any CPU.Build.0 = Release|Any CPU
		{064BD68E-1EAB-4146-9285-2ED8A18A6CA9}.Release|x64.ActiveCfg = Release|Any CPU
		{064BD68E-1EAB-4146-9285-2ED8A18A6CA9}.Release|x64.Build.0 = Release|Any CPU
		{064BD68E-1EAB-4146-9285-2ED8A18A6CA9}.Release|x86.ActiveCfg = Release|Any CPU
		{064BD68E-1EAB-4146-9285-2ED8A18A6CA9}.Release|x86.Build.0 = Release|Any CPU
		{49910947-2681-4995-9C94-153F28CB31A9}.Debug|Any CPU.ActiveCfg = Debug|Any CPU
		{49910947-2681-4995-9C94-153F28CB31A9}.Debug|Any CPU.Build.0 = Debug|Any CPU
		{49910947-2681-4995-9C94-153F28CB31A9}.Debug|x64.ActiveCfg = Debug|Any CPU
		{49910947-2681-4995-9C94-153F28CB31A9}.Debug|x64.Build.0 = Debug|Any CPU
		{49910947-2681-4995-9C94-153F28CB31A9}.Debug|x86.ActiveCfg = Debug|Any CPU
		{49910947-2681-4995-9C94-153F28CB31A9}.Debug|x86.Build.0 = Debug|Any CPU
		{49910947-2681-4995-9C94-153F28CB31A9}.Release|Any CPU.ActiveCfg = Release|Any CPU
		{49910947-2681-4995-9C94-153F28CB31A9}.Release|Any CPU.Build.0 = Release|Any CPU
		{49910947-2681-4995-9C94-153F28CB31A9}.Release|x64.ActiveCfg = Release|Any CPU
		{49910947-2681-4995-9C94-153F28CB31A9}.Release|x64.Build.0 = Release|Any CPU
		{49910947-2681-4995-9C94-153F28CB31A9}.Release|x86.ActiveCfg = Release|Any CPU
		{49910947-2681-4995-9C94-153F28CB31A9}.Release|x86.Build.0 = Release|Any CPU
	EndGlobalSection
	GlobalSection(SolutionProperties) = preSolution
		HideSolutionNode = FALSE
	EndGlobalSection
	GlobalSection(NestedProjects) = preSolution
		{52897F0B-A5E8-4EEC-AED6-E1BC984C0CA3} = {36AE8D0F-8CD5-4A85-BE4D-C3C002F1386D}
		{307B2D10-651C-42A4-84A0-41AE6E8587B3} = {E39D6013-8C8F-4C3B-87FD-627CE9E061D3}
		{BEC38B8E-D717-46F7-955C-217DA7C70259} = {E39D6013-8C8F-4C3B-87FD-627CE9E061D3}
		{5EAACD3A-18DA-4588-89DE-51B9667C6113} = {307B2D10-651C-42A4-84A0-41AE6E8587B3}
		{259BC0C3-BAC9-4E09-AFC4-1B8A79B5E219} = {307B2D10-651C-42A4-84A0-41AE6E8587B3}
		{87F5856F-7168-4C29-BED7-FB766369782F} = {BEC38B8E-D717-46F7-955C-217DA7C70259}
		{7F705772-C4A2-4A9E-A9D3-297599BB40B6} = {BEC38B8E-D717-46F7-955C-217DA7C70259}
		{222BAE35-C5AE-454A-9A35-F30C5360B3B4} = {BB1E334D-9901-4D4F-9D26-9A0EE5A3B0BF}
		{C8ECCEA8-8F46-48CA-8CF7-E8F11562BE00} = {BB1E334D-9901-4D4F-9D26-9A0EE5A3B0BF}
		{2B66342C-571E-49EA-876F-14C630F692D1} = {C8ECCEA8-8F46-48CA-8CF7-E8F11562BE00}
		{DB0B0FBB-0AD3-4569-AA7D-5A5B47D26AE4} = {C8ECCEA8-8F46-48CA-8CF7-E8F11562BE00}
		{628C8272-C129-447D-B556-2B3E9CC2B3C1} = {222BAE35-C5AE-454A-9A35-F30C5360B3B4}
		{D96CBA88-0329-47D1-84D9-878F9741BE26} = {222BAE35-C5AE-454A-9A35-F30C5360B3B4}
		{C4382005-26DB-46B0-9AF3-9953F6C918FE} = {BEC38B8E-D717-46F7-955C-217DA7C70259}
		{064BD68E-1EAB-4146-9285-2ED8A18A6CA9} = {BEC38B8E-D717-46F7-955C-217DA7C70259}
		{49910947-2681-4995-9C94-153F28CB31A9} = {307B2D10-651C-42A4-84A0-41AE6E8587B3}
	EndGlobalSection
	GlobalSection(ExtensibilityGlobals) = postSolution
		SolutionGuid = {8B20E7EC-96C4-4167-AC67-BCDBF9F37CF4}
	EndGlobalSection
EndGlobal
